
Microsoft Visual Studio Solution File, Format Version 12.00
# Visual Studio 14
VisualStudioVersion = 14.0.23107.0
MinimumVisualStudioVersion = 10.0.40219.1
Project("{FAE04EC0-301F-11D3-BF4B-00C04F79EFBC}") = "BulletSharpTest", "BulletSharpTest.csproj", "{FAE32C5D-A1F1-479F-99A6-61975A94C8F8}"
EndProject
Global
	GlobalSection(SolutionConfigurationPlatforms) = preSolution
		Debug|Any CPU = Debug|Any CPU
		Release|Any CPU = Release|Any CPU
	EndGlobalSection
	GlobalSection(ProjectConfigurationPlatforms) = postSolution
		{FAE32C5D-A1F1-479F-99A6-61975A94C8F8}.Debug|Any CPU.ActiveCfg = Debug|Any CPU
		{FAE32C5D-A1F1-479F-99A6-61975A94C8F8}.Debug|Any CPU.Build.0 = Debug|Any CPU
		{FAE32C5D-A1F1-479F-99A6-61975A94C8F8}.Release|Any CPU.ActiveCfg = Release|Any CPU
		{FAE32C5D-A1F1-479F-99A6-61975A94C8F8}.Release|Any CPU.Build.0 = Release|Any CPU
	EndGlobalSection
	GlobalSection(SolutionProperties) = preSolution
		HideSolutionNode = FALSE
	EndGlobalSection
EndGlobal
