
Microsoft Visual Studio Solution File, Format Version 11.00
# Visual Studio 2010
Project("{8BC9CEB8-8B4A-11D0-8D11-00A0C91BC942}") = "BulletSharp", "BulletSharp.vcxproj", "{5A0DEF7E-B7E3-45E9-A511-0F03CECFF8C0}"
EndProject
Global
	GlobalSection(SolutionConfigurationPlatforms) = preSolution
		Debug Generic|Win32 = Debug Generic|Win32
		Debug Generic|x64 = Debug Generic|x64
		Debug Mogre|Win32 = Debug Mogre|Win32
		Debug Mogre|x64 = Debug Mogre|x64
		Debug MonoGame|Win32 = Debug MonoGame|Win32
		Debug MonoGame|x64 = Debug MonoGame|x64
		Debug OpenTK|Win32 = Debug OpenTK|Win32
		Debug OpenTK|x64 = Debug OpenTK|x64
		Debug SharpDX Signed|Win32 = Debug SharpDX Signed|Win32
		Debug SharpDX Signed|x64 = Debug SharpDX Signed|x64
		Debug SharpDX|Win32 = Debug SharpDX|Win32
		Debug SharpDX|x64 = Debug SharpDX|x64
		Debug SlimDX|Win32 = Debug SlimDX|Win32
		Debug SlimDX|x64 = Debug SlimDX|x64
		Release Generic|Win32 = Release Generic|Win32
		Release Generic|x64 = Release Generic|x64
		Release Mogre|Win32 = Release Mogre|Win32
		Release Mogre|x64 = Release Mogre|x64
		Release MonoGame|Win32 = Release MonoGame|Win32
		Release MonoGame|x64 = Release MonoGame|x64
		Release OpenTK|Win32 = Release OpenTK|Win32
		Release OpenTK|x64 = Release OpenTK|x64
		Release SharpDX Signed|Win32 = Release SharpDX Signed|Win32
		Release SharpDX Signed|x64 = Release SharpDX Signed|x64
		Release SharpDX|Win32 = Release SharpDX|Win32
		Release SharpDX|x64 = Release SharpDX|x64
		Release SlimDX|Win32 = Release SlimDX|Win32
		Release SlimDX|x64 = Release SlimDX|x64
	EndGlobalSection
	GlobalSection(ProjectConfigurationPlatforms) = postSolution
		{5A0DEF7E-B7E3-45E9-A511-0F03CECFF8C0}.Debug Generic|Win32.ActiveCfg = Debug Generic|Win32
		{5A0DEF7E-B7E3-45E9-A511-0F03CECFF8C0}.Debug Generic|Win32.Build.0 = Debug Generic|Win32
		{5A0DEF7E-B7E3-45E9-A511-0F03CECFF8C0}.Debug Generic|x64.ActiveCfg = Debug Generic|x64
		{5A0DEF7E-B7E3-45E9-A511-0F03CECFF8C0}.Debug Generic|x64.Build.0 = Debug Generic|x64
		{5A0DEF7E-B7E3-45E9-A511-0F03CECFF8C0}.Debug Mogre|Win32.ActiveCfg = Debug Mogre|Win32
		{5A0DEF7E-B7E3-45E9-A511-0F03CECFF8C0}.Debug Mogre|Win32.Build.0 = Debug Mogre|Win32
		{5A0DEF7E-B7E3-45E9-A511-0F03CECFF8C0}.Debug Mogre|x64.ActiveCfg = Debug Mogre|x64
		{5A0DEF7E-B7E3-45E9-A511-0F03CECFF8C0}.Debug Mogre|x64.Build.0 = Debug Mogre|x64
		{5A0DEF7E-B7E3-45E9-A511-0F03CECFF8C0}.Debug MonoGame|Win32.ActiveCfg = Debug MonoGame|Win32
		{5A0DEF7E-B7E3-45E9-A511-0F03CECFF8C0}.Debug MonoGame|Win32.Build.0 = Debug MonoGame|Win32
		{5A0DEF7E-B7E3-45E9-A511-0F03CECFF8C0}.Debug MonoGame|x64.ActiveCfg = Debug MonoGame|x64
		{5A0DEF7E-B7E3-45E9-A511-0F03CECFF8C0}.Debug MonoGame|x64.Build.0 = Debug MonoGame|x64
		{5A0DEF7E-B7E3-45E9-A511-0F03CECFF8C0}.Debug OpenTK|Win32.ActiveCfg = Debug OpenTK|Win32
		{5A0DEF7E-B7E3-45E9-A511-0F03CECFF8C0}.Debug OpenTK|Win32.Build.0 = Debug OpenTK|Win32
		{5A0DEF7E-B7E3-45E9-A511-0F03CECFF8C0}.Debug OpenTK|x64.ActiveCfg = Debug OpenTK|x64
		{5A0DEF7E-B7E3-45E9-A511-0F03CECFF8C0}.Debug OpenTK|x64.Build.0 = Debug OpenTK|x64
		{5A0DEF7E-B7E3-45E9-A511-0F03CECFF8C0}.Debug SharpDX Signed|Win32.ActiveCfg = Debug SharpDX Signed|Win32
		{5A0DEF7E-B7E3-45E9-A511-0F03CECFF8C0}.Debug SharpDX Signed|Win32.Build.0 = Debug SharpDX Signed|Win32
		{5A0DEF7E-B7E3-45E9-A511-0F03CECFF8C0}.Debug SharpDX Signed|x64.ActiveCfg = Debug SharpDX Signed|x64
		{5A0DEF7E-B7E3-45E9-A511-0F03CECFF8C0}.Debug SharpDX Signed|x64.Build.0 = Debug SharpDX Signed|x64
		{5A0DEF7E-B7E3-45E9-A511-0F03CECFF8C0}.Debug SharpDX|Win32.ActiveCfg = Debug SharpDX|Win32
		{5A0DEF7E-B7E3-45E9-A511-0F03CECFF8C0}.Debug SharpDX|Win32.Build.0 = Debug SharpDX|Win32
		{5A0DEF7E-B7E3-45E9-A511-0F03CECFF8C0}.Debug SharpDX|x64.ActiveCfg = Debug SharpDX|x64
		{5A0DEF7E-B7E3-45E9-A511-0F03CECFF8C0}.Debug SharpDX|x64.Build.0 = Debug SharpDX|x64
		{5A0DEF7E-B7E3-45E9-A511-0F03CECFF8C0}.Debug SlimDX|Win32.ActiveCfg = Debug SlimDX|Win32
		{5A0DEF7E-B7E3-45E9-A511-0F03CECFF8C0}.Debug SlimDX|Win32.Build.0 = Debug SlimDX|Win32
		{5A0DEF7E-B7E3-45E9-A511-0F03CECFF8C0}.Debug SlimDX|x64.ActiveCfg = Debug SlimDX|x64
		{5A0DEF7E-B7E3-45E9-A511-0F03CECFF8C0}.Debug SlimDX|x64.Build.0 = Debug SlimDX|x64
		{5A0DEF7E-B7E3-45E9-A511-0F03CECFF8C0}.Release Generic|Win32.ActiveCfg = Release Generic|Win32
		{5A0DEF7E-B7E3-45E9-A511-0F03CECFF8C0}.Release Generic|Win32.Build.0 = Release Generic|Win32
		{5A0DEF7E-B7E3-45E9-A511-0F03CECFF8C0}.Release Generic|x64.ActiveCfg = Release Generic|x64
		{5A0DEF7E-B7E3-45E9-A511-0F03CECFF8C0}.Release Generic|x64.Build.0 = Release Generic|x64
		{5A0DEF7E-B7E3-45E9-A511-0F03CECFF8C0}.Release Mogre|Win32.ActiveCfg = Release Mogre|Win32
		{5A0DEF7E-B7E3-45E9-A511-0F03CECFF8C0}.Release Mogre|Win32.Build.0 = Release Mogre|Win32
		{5A0DEF7E-B7E3-45E9-A511-0F03CECFF8C0}.Release Mogre|x64.ActiveCfg = Release Mogre|x64
		{5A0DEF7E-B7E3-45E9-A511-0F03CECFF8C0}.Release Mogre|x64.Build.0 = Release Mogre|x64
		{5A0DEF7E-B7E3-45E9-A511-0F03CECFF8C0}.Release MonoGame|Win32.ActiveCfg = Release MonoGame|Win32
		{5A0DEF7E-B7E3-45E9-A511-0F03CECFF8C0}.Release MonoGame|Win32.Build.0 = Release MonoGame|Win32
		{5A0DEF7E-B7E3-45E9-A511-0F03CECFF8C0}.Release MonoGame|x64.ActiveCfg = Release MonoGame|x64
		{5A0DEF7E-B7E3-45E9-A511-0F03CECFF8C0}.Release MonoGame|x64.Build.0 = Release MonoGame|x64
		{5A0DEF7E-B7E3-45E9-A511-0F03CECFF8C0}.Release OpenTK|Win32.ActiveCfg = Release OpenTK|Win32
		{5A0DEF7E-B7E3-45E9-A511-0F03CECFF8C0}.Release OpenTK|Win32.Build.0 = Release OpenTK|Win32
		{5A0DEF7E-B7E3-45E9-A511-0F03CECFF8C0}.Release OpenTK|x64.ActiveCfg = Release OpenTK|x64
		{5A0DEF7E-B7E3-45E9-A511-0F03CECFF8C0}.Release OpenTK|x64.Build.0 = Release OpenTK|x64
		{5A0DEF7E-B7E3-45E9-A511-0F03CECFF8C0}.Release SharpDX Signed|Win32.ActiveCfg = Release SharpDX Signed|Win32
		{5A0DEF7E-B7E3-45E9-A511-0F03CECFF8C0}.Release SharpDX Signed|Win32.Build.0 = Release SharpDX Signed|Win32
		{5A0DEF7E-B7E3-45E9-A511-0F03CECFF8C0}.Release SharpDX Signed|x64.ActiveCfg = Release SharpDX Signed|x64
		{5A0DEF7E-B7E3-45E9-A511-0F03CECFF8C0}.Release SharpDX Signed|x64.Build.0 = Release SharpDX Signed|x64
		{5A0DEF7E-B7E3-45E9-A511-0F03CECFF8C0}.Release SharpDX|Win32.ActiveCfg = Release SharpDX|Win32
		{5A0DEF7E-B7E3-45E9-A511-0F03CECFF8C0}.Release SharpDX|Win32.Build.0 = Release SharpDX|Win32
		{5A0DEF7E-B7E3-45E9-A511-0F03CECFF8C0}.Release SharpDX|x64.ActiveCfg = Release SharpDX|x64
		{5A0DEF7E-B7E3-45E9-A511-0F03CECFF8C0}.Release SharpDX|x64.Build.0 = Release SharpDX|x64
		{5A0DEF7E-B7E3-45E9-A511-0F03CECFF8C0}.Release SlimDX|Win32.ActiveCfg = Release SlimDX|Win32
		{5A0DEF7E-B7E3-45E9-A511-0F03CECFF8C0}.Release SlimDX|Win32.Build.0 = Release SlimDX|Win32
		{5A0DEF7E-B7E3-45E9-A511-0F03CECFF8C0}.Release SlimDX|x64.ActiveCfg = Release SlimDX|x64
		{5A0DEF7E-B7E3-45E9-A511-0F03CECFF8C0}.Release SlimDX|x64.Build.0 = Release SlimDX|x64
	EndGlobalSection
	GlobalSection(SolutionProperties) = preSolution
		HideSolutionNode = FALSE
	EndGlobalSection
EndGlobal
