
Microsoft Visual Studio Solution File, Format Version 10.00
# Visual C# Express 2008
Project("{FAE04EC0-301F-11D3-BF4B-00C04F79EFBC}") = "DemoFramework", "DemoFramework.csproj", "{300EA042-EAD4-4C63-8FCC-7AE5A3A792D1}"
EndProject
Global
	GlobalSection(SolutionConfigurationPlatforms) = preSolution
		Debug|Any CPU = Debug|Any CPU
		Release|Any CPU = Release|Any CPU
	EndGlobalSection
	GlobalSection(ProjectConfigurationPlatforms) = postSolution
		{300EA042-EAD4-4C63-8FCC-7AE5A3A792D1}.Debug|Any CPU.ActiveCfg = Debug|Any CPU
		{300EA042-EAD4-4C63-8FCC-7AE5A3A792D1}.Debug|Any CPU.Build.0 = Debug|Any CPU
		{300EA042-EAD4-4C63-8FCC-7AE5A3A792D1}.Release|Any CPU.ActiveCfg = Release|Any CPU
		{300EA042-EAD4-4C63-8FCC-7AE5A3A792D1}.Release|Any CPU.Build.0 = Release|Any CPU
	EndGlobalSection
	GlobalSection(SolutionProperties) = preSolution
		HideSolutionNode = FALSE
	EndGlobalSection
EndGlobal
