
Microsoft Visual Studio Solution File, Format Version 12.00
# Visual Studio 14
VisualStudioVersion = 14.0.25123.0
MinimumVisualStudioVersion = 10.0.40219.1
Project("{FAE04EC0-301F-11D3-BF4B-00C04F79EFBC}") = "MonoGame", "MonoGame.csproj", "{B14B3355-54F3-4D72-A94D-4623BC3C88C1}"
EndProject
Project("{FAE04EC0-301F-11D3-BF4B-00C04F79EFBC}") = "DemoFramework", "DemoFramework\DemoFramework.csproj", "{34632E71-BC81-4F06-B99A-EDCC675A59E5}"
EndProject
Global
	GlobalSection(SolutionConfigurationPlatforms) = preSolution
		Debug|Any CPU = Debug|Any CPU
		Debug|x86 = Debug|x86
		Release|Any CPU = Release|Any CPU
		Release|x86 = Release|x86
	EndGlobalSection
	GlobalSection(ProjectConfigurationPlatforms) = postSolution
		{B14B3355-54F3-4D72-A94D-4623BC3C88C1}.Debug|Any CPU.ActiveCfg = Debug|x86
		{B14B3355-54F3-4D72-A94D-4623BC3C88C1}.Debug|x86.ActiveCfg = Debug|x86
		{B14B3355-54F3-4D72-A94D-4623BC3C88C1}.Debug|x86.Build.0 = Debug|x86
		{B14B3355-54F3-4D72-A94D-4623BC3C88C1}.Release|Any CPU.ActiveCfg = Release|x86
		{B14B3355-54F3-4D72-A94D-4623BC3C88C1}.Release|x86.ActiveCfg = Release|x86
		{B14B3355-54F3-4D72-A94D-4623BC3C88C1}.Release|x86.Build.0 = Release|x86
		{34632E71-BC81-4F06-B99A-EDCC675A59E5}.Debug|Any CPU.ActiveCfg = Debug|x86
		{34632E71-BC81-4F06-B99A-EDCC675A59E5}.Debug|x86.ActiveCfg = Debug|x86
		{34632E71-BC81-4F06-B99A-EDCC675A59E5}.Debug|x86.Build.0 = Debug|x86
		{34632E71-BC81-4F06-B99A-EDCC675A59E5}.Release|Any CPU.ActiveCfg = Release|x86
		{34632E71-BC81-4F06-B99A-EDCC675A59E5}.Release|x86.ActiveCfg = Release|x86
		{34632E71-BC81-4F06-B99A-EDCC675A59E5}.Release|x86.Build.0 = Release|x86
	EndGlobalSection
	GlobalSection(SolutionProperties) = preSolution
		HideSolutionNode = FALSE
	EndGlobalSection
EndGlobal
