
Microsoft Visual Studio Solution File, Format Version 11.00
# Visual C# Express 2010
Project("{FAE04EC0-301F-11D3-BF4B-00C04F79EFBC}") = "BasicDemo", "BasicDemo.csproj", "{15F71276-1D65-42E9-A419-C36CDE567D4C}"
EndProject
Global
	GlobalSection(SolutionConfigurationPlatforms) = preSolution
		Debug|x86 = Debug|x86
		Release|x86 = Release|x86
	EndGlobalSection
	GlobalSection(ProjectConfigurationPlatforms) = postSolution
		{15F71276-1D65-42E9-A419-C36CDE567D4C}.Debug|x86.ActiveCfg = Debug|x86
		{15F71276-1D65-42E9-A419-C36CDE567D4C}.Debug|x86.Build.0 = Debug|x86
		{15F71276-1D65-42E9-A419-C36CDE567D4C}.Release|x86.ActiveCfg = Release|x86
		{15F71276-1D65-42E9-A419-C36CDE567D4C}.Release|x86.Build.0 = Release|x86
	EndGlobalSection
	GlobalSection(SolutionProperties) = preSolution
		HideSolutionNode = FALSE
	EndGlobalSection
EndGlobal
