
Microsoft Visual Studio Solution File, Format Version 12.00
# Visual Studio 14
VisualStudioVersion = 14.0.24720.0
MinimumVisualStudioVersion = 10.0.40219.1
Project("{FAE04EC0-301F-11D3-BF4B-00C04F79EFBC}") = "DemoFramework", "DemoFramework\DemoFramework.csproj", "{7F50B160-6C4D-467A-9AAB-10C516326BD1}"
EndProject
Project("{FAE04EC0-301F-11D3-BF4B-00C04F79EFBC}") = "BasicDemo", "BasicDemo\BasicDemo.csproj", "{8B5B1C14-C924-42FD-ABAB-4CD851F06DF9}"
EndProject
Project("{FAE04EC0-301F-11D3-BF4B-00C04F79EFBC}") = "SlimDX", "DemoFramework\Graphics\SlimDX\SlimDX.csproj", "{67DF42D4-C318-4E52-9017-43A2EFD7790B}"
EndProject
Project("{FAE04EC0-301F-11D3-BF4B-00C04F79EFBC}") = "OpenTK", "DemoFramework\Graphics\OpenTK\OpenTK.csproj", "{3CD13788-CD50-451F-8267-AF7578403621}"
EndProject
Project("{FAE04EC0-301F-11D3-BF4B-00C04F79EFBC}") = "CcdPhysicsDemo", "CcdPhysicsDemo\CcdPhysicsDemo.csproj", "{60FB11CC-8D7D-4EBE-80AF-D4914BC88759}"
EndProject
Project("{FAE04EC0-301F-11D3-BF4B-00C04F79EFBC}") = "BenchmarkDemo", "BenchmarkDemo\BenchmarkDemo.csproj", "{8712106F-F6B3-4196-B124-6516936451C3}"
EndProject
Project("{FAE04EC0-301F-11D3-BF4B-00C04F79EFBC}") = "Box2DDemo", "Box2DDemo\Box2DDemo.csproj", "{C47829F1-A1BC-440F-8879-63B41E5176F6}"
EndProject
Project("{FAE04EC0-301F-11D3-BF4B-00C04F79EFBC}") = "SoftDemo", "SoftDemo\SoftDemo.csproj", "{99135BBD-934C-411D-9DB0-1157BA35EDB6}"
EndProject
Project("{FAE04EC0-301F-11D3-BF4B-00C04F79EFBC}") = "BspDemo", "BspDemo\BspDemo.csproj", "{AD666B32-ADA7-46EF-9546-4CBD680B7E18}"
EndProject
Project("{FAE04EC0-301F-11D3-BF4B-00C04F79EFBC}") = "ConstraintDemo", "ConstraintDemo\ConstraintDemo.csproj", "{E53D74AE-3F31-41A5-9046-57109CC9CBD5}"
EndProject
Project("{FAE04EC0-301F-11D3-BF4B-00C04F79EFBC}") = "ConvexDecompositionDemo", "ConvexDecompositionDemo\ConvexDecompositionDemo.csproj", "{6E5A81BA-E9B2-4C38-92B2-CCB660690DA4}"
EndProject
Project("{FAE04EC0-301F-11D3-BF4B-00C04F79EFBC}") = "RagdollDemo", "RagdollDemo\RagdollDemo.csproj", "{712ED1AC-EC4E-49E8-8B48-25FFFBFCD5D9}"
EndProject
Project("{FAE04EC0-301F-11D3-BF4B-00C04F79EFBC}") = "SerializeDemo", "SerializeDemo\SerializeDemo.csproj", "{EDB369AD-86B1-4B2E-B0D6-77A3B50C1875}"
EndProject
Project("{FAE04EC0-301F-11D3-BF4B-00C04F79EFBC}") = "GImpactTestDemo", "GImpactTestDemo\GImpactTestDemo.csproj", "{67C912BA-AE82-431C-AE11-326A7C00C5B0}"
EndProject
Project("{FAE04EC0-301F-11D3-BF4B-00C04F79EFBC}") = "VehicleDemo", "VehicleDemo\VehicleDemo.csproj", "{B6135DE9-0844-40A8-A57B-EA0F20ADFD55}"
EndProject
Project("{FAE04EC0-301F-11D3-BF4B-00C04F79EFBC}") = "CharacterDemo", "CharacterDemo\CharacterDemo.csproj", "{2C4C781D-BB0E-4BE9-AE46-D25641F6D531}"
EndProject
Project("{FAE04EC0-301F-11D3-BF4B-00C04F79EFBC}") = "CollisionInterfaceDemo", "CollisionInterfaceDemo\CollisionInterfaceDemo.csproj", "{C945B9CB-E50E-44C9-810D-3483F18D4F8C}"
EndProject
Project("{FAE04EC0-301F-11D3-BF4B-00C04F79EFBC}") = "DistanceDemo", "DistanceDemo\DistanceDemo.csproj", "{3EE18FE3-D5C4-4BDD-92F9-1763E586F246}"
EndProject
Project("{FAE04EC0-301F-11D3-BF4B-00C04F79EFBC}") = "ConcaveRaycastDemo", "ConcaveRaycastDemo\ConcaveRaycastDemo.csproj", "{435BCDE5-8EA0-4B94-8768-65AC338F85F0}"
EndProject
Project("{FAE04EC0-301F-11D3-BF4B-00C04F79EFBC}") = "ConcaveConvexCastDemo", "ConcaveConvexCastDemo\ConcaveConvexCastDemo.csproj", "{216CE49B-474F-4A64-9084-E23E487CB0C9}"
EndProject
Project("{FAE04EC0-301F-11D3-BF4B-00C04F79EFBC}") = "MotorDemo", "MotorDemo\MotorDemo.csproj", "{9B13DC6C-3704-4969-810C-412557FC9E47}"
EndProject
Project("{FAE04EC0-301F-11D3-BF4B-00C04F79EFBC}") = "RollingFrictionDemo", "RollingFrictionDemo\RollingFrictionDemo.csproj", "{F88BB418-67AD-45D8-BEC7-781CCA1CCA98}"
EndProject
Project("{FAE04EC0-301F-11D3-BF4B-00C04F79EFBC}") = "BulletXmlImportDemo", "BulletXmlImportDemo\BulletXmlImportDemo.csproj", "{8CADFD40-525F-4C72-8D38-443B094DB1BE}"
EndProject
Project("{FAE04EC0-301F-11D3-BF4B-00C04F79EFBC}") = "FeatherStoneDemo", "FeatherStoneDemo\FeatherStoneDemo.csproj", "{82F0CD92-FD49-414A-9150-621D30FCA29D}"
EndProject
Project("{FAE04EC0-301F-11D3-BF4B-00C04F79EFBC}") = "SharpDX11", "DemoFramework\Graphics\SharpDX11\SharpDX11.csproj", "{540E0C60-3FBD-4166-933D-D80284D1CA0E}"
EndProject
Project("{FAE04EC0-301F-11D3-BF4B-00C04F79EFBC}") = "MonoGame", "DemoFramework\Graphics\MonoGame\MonoGame.csproj", "{19C540EC-556A-4834-BA97-6EF07AC5EF58}"
EndProject
Project("{FAE04EC0-301F-11D3-BF4B-00C04F79EFBC}") = "CollisionFeedbackDemo", "CollisionFeedbackDemo\CollisionFeedbackDemo.csproj", "{3E1D8BC6-560D-4EB0-8305-5B3E2D4CE001}"
EndProject
Global
	GlobalSection(SolutionConfigurationPlatforms) = preSolution
		Debug|x86 = Debug|x86
		Release|x86 = Release|x86
	EndGlobalSection
	GlobalSection(ProjectConfigurationPlatforms) = postSolution
		{7F50B160-6C4D-467A-9AAB-10C516326BD1}.Debug|x86.ActiveCfg = Debug|x86
		{7F50B160-6C4D-467A-9AAB-10C516326BD1}.Release|x86.ActiveCfg = Release|x86
		{7F50B160-6C4D-467A-9AAB-10C516326BD1}.Release|x86.Build.0 = Release|x86
		{8B5B1C14-C924-42FD-ABAB-4CD851F06DF9}.Debug|x86.ActiveCfg = Debug|x86
		{8B5B1C14-C924-42FD-ABAB-4CD851F06DF9}.Debug|x86.Build.0 = Debug|x86
		{8B5B1C14-C924-42FD-ABAB-4CD851F06DF9}.Release|x86.ActiveCfg = Release|x86
		{8B5B1C14-C924-42FD-ABAB-4CD851F06DF9}.Release|x86.Build.0 = Release|x86
		{67DF42D4-C318-4E52-9017-43A2EFD7790B}.Debug|x86.ActiveCfg = Debug|x86
		{67DF42D4-C318-4E52-9017-43A2EFD7790B}.Release|x86.ActiveCfg = Release|x86
		{67DF42D4-C318-4E52-9017-43A2EFD7790B}.Release|x86.Build.0 = Release|x86
		{3CD13788-CD50-451F-8267-AF7578403621}.Debug|x86.ActiveCfg = Debug|x86
		{3CD13788-CD50-451F-8267-AF7578403621}.Release|x86.ActiveCfg = Release|x86
		{3CD13788-CD50-451F-8267-AF7578403621}.Release|x86.Build.0 = Release|x86
		{60FB11CC-8D7D-4EBE-80AF-D4914BC88759}.Debug|x86.ActiveCfg = Debug|x86
		{60FB11CC-8D7D-4EBE-80AF-D4914BC88759}.Debug|x86.Build.0 = Debug|x86
		{60FB11CC-8D7D-4EBE-80AF-D4914BC88759}.Release|x86.ActiveCfg = Release|x86
		{60FB11CC-8D7D-4EBE-80AF-D4914BC88759}.Release|x86.Build.0 = Release|x86
		{8712106F-F6B3-4196-B124-6516936451C3}.Debug|x86.ActiveCfg = Debug|x86
		{8712106F-F6B3-4196-B124-6516936451C3}.Debug|x86.Build.0 = Debug|x86
		{8712106F-F6B3-4196-B124-6516936451C3}.Release|x86.ActiveCfg = Release|x86
		{8712106F-F6B3-4196-B124-6516936451C3}.Release|x86.Build.0 = Release|x86
		{C47829F1-A1BC-440F-8879-63B41E5176F6}.Debug|x86.ActiveCfg = Debug|x86
		{C47829F1-A1BC-440F-8879-63B41E5176F6}.Debug|x86.Build.0 = Debug|x86
		{C47829F1-A1BC-440F-8879-63B41E5176F6}.Release|x86.ActiveCfg = Release|x86
		{C47829F1-A1BC-440F-8879-63B41E5176F6}.Release|x86.Build.0 = Release|x86
		{99135BBD-934C-411D-9DB0-1157BA35EDB6}.Debug|x86.ActiveCfg = Debug|x86
		{99135BBD-934C-411D-9DB0-1157BA35EDB6}.Debug|x86.Build.0 = Debug|x86
		{99135BBD-934C-411D-9DB0-1157BA35EDB6}.Release|x86.ActiveCfg = Release|x86
		{99135BBD-934C-411D-9DB0-1157BA35EDB6}.Release|x86.Build.0 = Release|x86
		{AD666B32-ADA7-46EF-9546-4CBD680B7E18}.Debug|x86.ActiveCfg = Debug|x86
		{AD666B32-ADA7-46EF-9546-4CBD680B7E18}.Debug|x86.Build.0 = Debug|x86
		{AD666B32-ADA7-46EF-9546-4CBD680B7E18}.Release|x86.ActiveCfg = Release|x86
		{AD666B32-ADA7-46EF-9546-4CBD680B7E18}.Release|x86.Build.0 = Release|x86
		{E53D74AE-3F31-41A5-9046-57109CC9CBD5}.Debug|x86.ActiveCfg = Debug|x86
		{E53D74AE-3F31-41A5-9046-57109CC9CBD5}.Debug|x86.Build.0 = Debug|x86
		{E53D74AE-3F31-41A5-9046-57109CC9CBD5}.Release|x86.ActiveCfg = Release|x86
		{E53D74AE-3F31-41A5-9046-57109CC9CBD5}.Release|x86.Build.0 = Release|x86
		{6E5A81BA-E9B2-4C38-92B2-CCB660690DA4}.Debug|x86.ActiveCfg = Debug|x86
		{6E5A81BA-E9B2-4C38-92B2-CCB660690DA4}.Debug|x86.Build.0 = Debug|x86
		{6E5A81BA-E9B2-4C38-92B2-CCB660690DA4}.Release|x86.ActiveCfg = Release|x86
		{6E5A81BA-E9B2-4C38-92B2-CCB660690DA4}.Release|x86.Build.0 = Release|x86
		{712ED1AC-EC4E-49E8-8B48-25FFFBFCD5D9}.Debug|x86.ActiveCfg = Debug|x86
		{712ED1AC-EC4E-49E8-8B48-25FFFBFCD5D9}.Debug|x86.Build.0 = Debug|x86
		{712ED1AC-EC4E-49E8-8B48-25FFFBFCD5D9}.Release|x86.ActiveCfg = Release|x86
		{712ED1AC-EC4E-49E8-8B48-25FFFBFCD5D9}.Release|x86.Build.0 = Release|x86
		{EDB369AD-86B1-4B2E-B0D6-77A3B50C1875}.Debug|x86.ActiveCfg = Debug|x86
		{EDB369AD-86B1-4B2E-B0D6-77A3B50C1875}.Debug|x86.Build.0 = Debug|x86
		{EDB369AD-86B1-4B2E-B0D6-77A3B50C1875}.Release|x86.ActiveCfg = Release|x86
		{EDB369AD-86B1-4B2E-B0D6-77A3B50C1875}.Release|x86.Build.0 = Release|x86
		{67C912BA-AE82-431C-AE11-326A7C00C5B0}.Debug|x86.ActiveCfg = Debug|x86
		{67C912BA-AE82-431C-AE11-326A7C00C5B0}.Debug|x86.Build.0 = Debug|x86
		{67C912BA-AE82-431C-AE11-326A7C00C5B0}.Release|x86.ActiveCfg = Release|x86
		{67C912BA-AE82-431C-AE11-326A7C00C5B0}.Release|x86.Build.0 = Release|x86
		{B6135DE9-0844-40A8-A57B-EA0F20ADFD55}.Debug|x86.ActiveCfg = Debug|x86
		{B6135DE9-0844-40A8-A57B-EA0F20ADFD55}.Debug|x86.Build.0 = Debug|x86
		{B6135DE9-0844-40A8-A57B-EA0F20ADFD55}.Release|x86.ActiveCfg = Release|x86
		{B6135DE9-0844-40A8-A57B-EA0F20ADFD55}.Release|x86.Build.0 = Release|x86
		{2C4C781D-BB0E-4BE9-AE46-D25641F6D531}.Debug|x86.ActiveCfg = Debug|x86
		{2C4C781D-BB0E-4BE9-AE46-D25641F6D531}.Debug|x86.Build.0 = Debug|x86
		{2C4C781D-BB0E-4BE9-AE46-D25641F6D531}.Release|x86.ActiveCfg = Release|x86
		{2C4C781D-BB0E-4BE9-AE46-D25641F6D531}.Release|x86.Build.0 = Release|x86
		{C945B9CB-E50E-44C9-810D-3483F18D4F8C}.Debug|x86.ActiveCfg = Debug|x86
		{C945B9CB-E50E-44C9-810D-3483F18D4F8C}.Debug|x86.Build.0 = Debug|x86
		{C945B9CB-E50E-44C9-810D-3483F18D4F8C}.Release|x86.ActiveCfg = Release|x86
		{C945B9CB-E50E-44C9-810D-3483F18D4F8C}.Release|x86.Build.0 = Release|x86
		{3EE18FE3-D5C4-4BDD-92F9-1763E586F246}.Debug|x86.ActiveCfg = Debug|x86
		{3EE18FE3-D5C4-4BDD-92F9-1763E586F246}.Debug|x86.Build.0 = Debug|x86
		{3EE18FE3-D5C4-4BDD-92F9-1763E586F246}.Release|x86.ActiveCfg = Release|x86
		{3EE18FE3-D5C4-4BDD-92F9-1763E586F246}.Release|x86.Build.0 = Release|x86
		{435BCDE5-8EA0-4B94-8768-65AC338F85F0}.Debug|x86.ActiveCfg = Debug|x86
		{435BCDE5-8EA0-4B94-8768-65AC338F85F0}.Debug|x86.Build.0 = Debug|x86
		{435BCDE5-8EA0-4B94-8768-65AC338F85F0}.Release|x86.ActiveCfg = Release|x86
		{435BCDE5-8EA0-4B94-8768-65AC338F85F0}.Release|x86.Build.0 = Release|x86
		{216CE49B-474F-4A64-9084-E23E487CB0C9}.Debug|x86.ActiveCfg = Debug|x86
		{216CE49B-474F-4A64-9084-E23E487CB0C9}.Debug|x86.Build.0 = Debug|x86
		{216CE49B-474F-4A64-9084-E23E487CB0C9}.Release|x86.ActiveCfg = Release|x86
		{216CE49B-474F-4A64-9084-E23E487CB0C9}.Release|x86.Build.0 = Release|x86
		{9B13DC6C-3704-4969-810C-412557FC9E47}.Debug|x86.ActiveCfg = Debug|x86
		{9B13DC6C-3704-4969-810C-412557FC9E47}.Debug|x86.Build.0 = Debug|x86
		{9B13DC6C-3704-4969-810C-412557FC9E47}.Release|x86.ActiveCfg = Release|x86
		{9B13DC6C-3704-4969-810C-412557FC9E47}.Release|x86.Build.0 = Release|x86
		{F88BB418-67AD-45D8-BEC7-781CCA1CCA98}.Debug|x86.ActiveCfg = Debug|x86
		{F88BB418-67AD-45D8-BEC7-781CCA1CCA98}.Debug|x86.Build.0 = Debug|x86
		{F88BB418-67AD-45D8-BEC7-781CCA1CCA98}.Release|x86.ActiveCfg = Release|x86
		{F88BB418-67AD-45D8-BEC7-781CCA1CCA98}.Release|x86.Build.0 = Release|x86
		{8CADFD40-525F-4C72-8D38-443B094DB1BE}.Debug|x86.ActiveCfg = Debug|x86
		{8CADFD40-525F-4C72-8D38-443B094DB1BE}.Debug|x86.Build.0 = Debug|x86
		{8CADFD40-525F-4C72-8D38-443B094DB1BE}.Release|x86.ActiveCfg = Release|x86
		{8CADFD40-525F-4C72-8D38-443B094DB1BE}.Release|x86.Build.0 = Release|x86
		{82F0CD92-FD49-414A-9150-621D30FCA29D}.Debug|x86.ActiveCfg = Debug|x86
		{82F0CD92-FD49-414A-9150-621D30FCA29D}.Debug|x86.Build.0 = Debug|x86
		{82F0CD92-FD49-414A-9150-621D30FCA29D}.Release|x86.ActiveCfg = Release|x86
		{82F0CD92-FD49-414A-9150-621D30FCA29D}.Release|x86.Build.0 = Release|x86
		{540E0C60-3FBD-4166-933D-D80284D1CA0E}.Debug|x86.ActiveCfg = Debug|x86
		{540E0C60-3FBD-4166-933D-D80284D1CA0E}.Debug|x86.Build.0 = Debug|x86
		{540E0C60-3FBD-4166-933D-D80284D1CA0E}.Release|x86.ActiveCfg = Release|x86
		{540E0C60-3FBD-4166-933D-D80284D1CA0E}.Release|x86.Build.0 = Release|x86
		{19C540EC-556A-4834-BA97-6EF07AC5EF58}.Debug|x86.ActiveCfg = Debug|x86
		{19C540EC-556A-4834-BA97-6EF07AC5EF58}.Debug|x86.Build.0 = Debug|x86
		{19C540EC-556A-4834-BA97-6EF07AC5EF58}.Release|x86.ActiveCfg = Release|x86
		{19C540EC-556A-4834-BA97-6EF07AC5EF58}.Release|x86.Build.0 = Release|x86
		{3E1D8BC6-560D-4EB0-8305-5B3E2D4CE001}.Debug|x86.ActiveCfg = Debug|x86
		{3E1D8BC6-560D-4EB0-8305-5B3E2D4CE001}.Debug|x86.Build.0 = Debug|x86
		{3E1D8BC6-560D-4EB0-8305-5B3E2D4CE001}.Release|x86.ActiveCfg = Release|x86
		{3E1D8BC6-560D-4EB0-8305-5B3E2D4CE001}.Release|x86.Build.0 = Release|x86
	EndGlobalSection
	GlobalSection(SolutionProperties) = preSolution
		HideSolutionNode = FALSE
	EndGlobalSection
EndGlobal
